// !$*UTF8*$!
{
	archiveVersion = 1;
	classes = {
	};
	objectVersion = 46;
	objects = {

/* Begin PBXBuildFile section */
		3127945C1BAF98DD0007E423 /* FontViewController.swift in Sources */ = {isa = PBXBuildFile; fileRef = 3127945B1BAF98DD0007E423 /* FontViewController.swift */; settings = {ASSET_TAGS = (); }; };
		312F40781B95015E002B3D4A /* AppDelegate.swift in Sources */ = {isa = PBXBuildFile; fileRef = 312F40771B95015E002B3D4A /* AppDelegate.swift */; };
		312F407A1B95015E002B3D4A /* StartViewController.swift in Sources */ = {isa = PBXBuildFile; fileRef = 312F40791B95015E002B3D4A /* StartViewController.swift */; };
		312F407F1B95015E002B3D4A /* Images.xcassets in Resources */ = {isa = PBXBuildFile; fileRef = 312F407E1B95015E002B3D4A /* Images.xcassets */; };
		312F40821B95015E002B3D4A /* LaunchScreen.xib in Resources */ = {isa = PBXBuildFile; fileRef = 312F40801B95015E002B3D4A /* LaunchScreen.xib */; };
		312F408E1B95015F002B3D4A /* tinderFontsTests.swift in Sources */ = {isa = PBXBuildFile; fileRef = 312F408D1B95015F002B3D4A /* tinderFontsTests.swift */; };
		312F409A1B9501D5002B3D4A /* Podfile in Resources */ = {isa = PBXBuildFile; fileRef = 312F40991B9501D5002B3D4A /* Podfile */; };
		312F409C1B968A9A002B3D4A /* SwipeViewController.swift in Sources */ = {isa = PBXBuildFile; fileRef = 312F409B1B968A9A002B3D4A /* SwipeViewController.swift */; };
		319B5D631BAF58C100395FE4 /* Fonts.bundle in Resources */ = {isa = PBXBuildFile; fileRef = 319B5D621BAF58C100395FE4 /* Fonts.bundle */; settings = {ASSET_TAGS = (); }; };
		319B5D651BAF638000395FE4 /* SwipeViewControllerAd.swift in Sources */ = {isa = PBXBuildFile; fileRef = 319B5D641BAF638000395FE4 /* SwipeViewControllerAd.swift */; settings = {ASSET_TAGS = (); }; };
		319EDAFD1B99E2340095ED50 /* font-descriptions.json in Resources */ = {isa = PBXBuildFile; fileRef = 319EDAFC1B99E2340095ED50 /* font-descriptions.json */; };
		319EDAFF1B99E81D0095ED50 /* Factory.swift in Sources */ = {isa = PBXBuildFile; fileRef = 319EDAFE1B99E81D0095ED50 /* Factory.swift */; };
		319EDB071B9A798C0095ED50 /* Patterns in Resources */ = {isa = PBXBuildFile; fileRef = 319EDB061B9A798C0095ED50 /* Patterns */; };
		319EDB0B1B9B54C30095ED50 /* iconfonts-fontawesome.swift in Sources */ = {isa = PBXBuildFile; fileRef = 319EDB0A1B9B54C30095ED50 /* iconfonts-fontawesome.swift */; };
		319EDB101B9BBCCB0095ED50 /* SwipeViewControllerKoloda.swift in Sources */ = {isa = PBXBuildFile; fileRef = 319EDB0F1B9BBCCB0095ED50 /* SwipeViewControllerKoloda.swift */; };
		319EDB121B9BBD730095ED50 /* SwipeViewControllerUI.swift in Sources */ = {isa = PBXBuildFile; fileRef = 319EDB111B9BBD730095ED50 /* SwipeViewControllerUI.swift */; };
		319EDB141B9BC8990095ED50 /* SwipeViewControllerGallery.swift in Sources */ = {isa = PBXBuildFile; fileRef = 319EDB131B9BC8990095ED50 /* SwipeViewControllerGallery.swift */; };
		319EDB161B9CD7EC0095ED50 /* CardViewControllerCell.swift in Sources */ = {isa = PBXBuildFile; fileRef = 319EDB151B9CD7EC0095ED50 /* CardViewControllerCell.swift */; };
		31C7F2841BA1190F00AB75BC /* gif.swift in Sources */ = {isa = PBXBuildFile; fileRef = 31C7F2831BA1190F00AB75BC /* gif.swift */; };
		31D09B331BA8743700791A66 /* Card.swift in Sources */ = {isa = PBXBuildFile; fileRef = 31D09B321BA8743700791A66 /* Card.swift */; };
		31D09B351BA900A500791A66 /* CardTapView.swift in Sources */ = {isa = PBXBuildFile; fileRef = 31D09B341BA900A500791A66 /* CardTapView.swift */; };
		31F121EA1BA27B370088DD72 /* GifView.swift in Sources */ = {isa = PBXBuildFile; fileRef = 31F121E91BA27B370088DD72 /* GifView.swift */; };
		75004204F9709F8E565992C1 /* Pods_tinderFonts.framework in Frameworks */ = {isa = PBXBuildFile; fileRef = 18BF1A92F7DC6291E848B2B3 /* Pods_tinderFonts.framework */; settings = {ATTRIBUTES = (Weak, ); }; };
/* End PBXBuildFile section */

/* Begin PBXContainerItemProxy section */
		312F40881B95015F002B3D4A /* PBXContainerItemProxy */ = {
			isa = PBXContainerItemProxy;
			containerPortal = 312F406A1B95015E002B3D4A /* Project object */;
			proxyType = 1;
			remoteGlobalIDString = 312F40711B95015E002B3D4A;
			remoteInfo = tinderFonts;
		};
/* End PBXContainerItemProxy section */

/* Begin PBXFileReference section */
		18BF1A92F7DC6291E848B2B3 /* Pods_tinderFonts.framework */ = {isa = PBXFileReference; explicitFileType = wrapper.framework; includeInIndex = 0; path = Pods_tinderFonts.framework; sourceTree = BUILT_PRODUCTS_DIR; };
		3127945B1BAF98DD0007E423 /* FontViewController.swift */ = {isa = PBXFileReference; fileEncoding = 4; lastKnownFileType = sourcecode.swift; path = FontViewController.swift; sourceTree = "<group>"; };
		312F40721B95015E002B3D4A /* ThunderFonts.app */ = {isa = PBXFileReference; explicitFileType = wrapper.application; includeInIndex = 0; path = ThunderFonts.app; sourceTree = BUILT_PRODUCTS_DIR; };
		312F40761B95015E002B3D4A /* Info.plist */ = {isa = PBXFileReference; lastKnownFileType = text.plist.xml; path = Info.plist; sourceTree = "<group>"; };
		312F40771B95015E002B3D4A /* AppDelegate.swift */ = {isa = PBXFileReference; lastKnownFileType = sourcecode.swift; path = AppDelegate.swift; sourceTree = "<group>"; };
		312F40791B95015E002B3D4A /* StartViewController.swift */ = {isa = PBXFileReference; lastKnownFileType = sourcecode.swift; path = StartViewController.swift; sourceTree = "<group>"; };
		312F407E1B95015E002B3D4A /* Images.xcassets */ = {isa = PBXFileReference; lastKnownFileType = folder.assetcatalog; path = Images.xcassets; sourceTree = "<group>"; };
		312F40811B95015E002B3D4A /* Base */ = {isa = PBXFileReference; lastKnownFileType = file.xib; name = Base; path = Base.lproj/LaunchScreen.xib; sourceTree = "<group>"; };
		312F40871B95015F002B3D4A /* tinderFontsTests.xctest */ = {isa = PBXFileReference; explicitFileType = wrapper.cfbundle; includeInIndex = 0; path = tinderFontsTests.xctest; sourceTree = BUILT_PRODUCTS_DIR; };
		312F408C1B95015F002B3D4A /* Info.plist */ = {isa = PBXFileReference; lastKnownFileType = text.plist.xml; path = Info.plist; sourceTree = "<group>"; };
		312F408D1B95015F002B3D4A /* tinderFontsTests.swift */ = {isa = PBXFileReference; lastKnownFileType = sourcecode.swift; path = tinderFontsTests.swift; sourceTree = "<group>"; };
		312F40991B9501D5002B3D4A /* Podfile */ = {isa = PBXFileReference; fileEncoding = 4; lastKnownFileType = text; path = Podfile; sourceTree = "<group>"; xcLanguageSpecificationIdentifier = xcode.lang.ruby; };
		312F409B1B968A9A002B3D4A /* SwipeViewController.swift */ = {isa = PBXFileReference; fileEncoding = 4; lastKnownFileType = sourcecode.swift; path = SwipeViewController.swift; sourceTree = "<group>"; };
		319B5D621BAF58C100395FE4 /* Fonts.bundle */ = {isa = PBXFileReference; lastKnownFileType = "wrapper.plug-in"; path = Fonts.bundle; sourceTree = "<group>"; };
		319B5D641BAF638000395FE4 /* SwipeViewControllerAd.swift */ = {isa = PBXFileReference; fileEncoding = 4; lastKnownFileType = sourcecode.swift; path = SwipeViewControllerAd.swift; sourceTree = "<group>"; };
		319EDAFC1B99E2340095ED50 /* font-descriptions.json */ = {isa = PBXFileReference; fileEncoding = 4; lastKnownFileType = text.json; path = "font-descriptions.json"; sourceTree = "<group>"; };
		319EDAFE1B99E81D0095ED50 /* Factory.swift */ = {isa = PBXFileReference; fileEncoding = 4; lastKnownFileType = sourcecode.swift; path = Factory.swift; sourceTree = "<group>"; };
		319EDB061B9A798C0095ED50 /* Patterns */ = {isa = PBXFileReference; lastKnownFileType = folder; path = Patterns; sourceTree = "<group>"; };
		319EDB0A1B9B54C30095ED50 /* iconfonts-fontawesome.swift */ = {isa = PBXFileReference; fileEncoding = 4; lastKnownFileType = sourcecode.swift; path = "iconfonts-fontawesome.swift"; sourceTree = "<group>"; };
		319EDB0F1B9BBCCB0095ED50 /* SwipeViewControllerKoloda.swift */ = {isa = PBXFileReference; fileEncoding = 4; lastKnownFileType = sourcecode.swift; path = SwipeViewControllerKoloda.swift; sourceTree = "<group>"; };
		319EDB111B9BBD730095ED50 /* SwipeViewControllerUI.swift */ = {isa = PBXFileReference; fileEncoding = 4; lastKnownFileType = sourcecode.swift; path = SwipeViewControllerUI.swift; sourceTree = "<group>"; };
		319EDB131B9BC8990095ED50 /* SwipeViewControllerGallery.swift */ = {isa = PBXFileReference; fileEncoding = 4; lastKnownFileType = sourcecode.swift; path = SwipeViewControllerGallery.swift; sourceTree = "<group>"; };
		319EDB151B9CD7EC0095ED50 /* CardViewControllerCell.swift */ = {isa = PBXFileReference; fileEncoding = 4; lastKnownFileType = sourcecode.swift; path = CardViewControllerCell.swift; sourceTree = "<group>"; };
		31C7F2831BA1190F00AB75BC /* gif.swift */ = {isa = PBXFileReference; fileEncoding = 4; lastKnownFileType = sourcecode.swift; path = gif.swift; sourceTree = "<group>"; };
		31C7F2861BA11A4600AB75BC /* MobileCoreServices.framework */ = {isa = PBXFileReference; lastKnownFileType = wrapper.framework; name = MobileCoreServices.framework; path = System/Library/Frameworks/MobileCoreServices.framework; sourceTree = SDKROOT; };
		31D09B321BA8743700791A66 /* Card.swift */ = {isa = PBXFileReference; fileEncoding = 4; lastKnownFileType = sourcecode.swift; path = Card.swift; sourceTree = "<group>"; };
		31D09B341BA900A500791A66 /* CardTapView.swift */ = {isa = PBXFileReference; fileEncoding = 4; lastKnownFileType = sourcecode.swift; path = CardTapView.swift; sourceTree = "<group>"; };
		31F121E91BA27B370088DD72 /* GifView.swift */ = {isa = PBXFileReference; fileEncoding = 4; lastKnownFileType = sourcecode.swift; path = GifView.swift; sourceTree = "<group>"; };
		B5C12EC6BB1E53F039B3DA20 /* Pods-tinderFonts.release.xcconfig */ = {isa = PBXFileReference; includeInIndex = 1; lastKnownFileType = text.xcconfig; name = "Pods-tinderFonts.release.xcconfig"; path = "Pods/Target Support Files/Pods-tinderFonts/Pods-tinderFonts.release.xcconfig"; sourceTree = "<group>"; };
		EA3E89801BB687F1CC26D873 /* Pods-tinderFonts.debug.xcconfig */ = {isa = PBXFileReference; includeInIndex = 1; lastKnownFileType = text.xcconfig; name = "Pods-tinderFonts.debug.xcconfig"; path = "Pods/Target Support Files/Pods-tinderFonts/Pods-tinderFonts.debug.xcconfig"; sourceTree = "<group>"; };
/* End PBXFileReference section */

/* Begin PBXFrameworksBuildPhase section */
		312F406F1B95015E002B3D4A /* Frameworks */ = {
			isa = PBXFrameworksBuildPhase;
			buildActionMask = 2147483647;
			files = (
				75004204F9709F8E565992C1 /* Pods_tinderFonts.framework in Frameworks */,
			);
			runOnlyForDeploymentPostprocessing = 0;
		};
		312F40841B95015F002B3D4A /* Frameworks */ = {
			isa = PBXFrameworksBuildPhase;
			buildActionMask = 2147483647;
			files = (
			);
			runOnlyForDeploymentPostprocessing = 0;
		};
/* End PBXFrameworksBuildPhase section */

/* Begin PBXGroup section */
		312F40691B95015E002B3D4A = {
			isa = PBXGroup;
			children = (
				312F40991B9501D5002B3D4A /* Podfile */,
				312F40741B95015E002B3D4A /* tinderFonts */,
				319EDB061B9A798C0095ED50 /* Patterns */,
				312F408A1B95015F002B3D4A /* tinderFontsTests */,
				312F40731B95015E002B3D4A /* Products */,
				54B28D93AFF2A36FD45E9E5E /* Pods */,
				E14CD2EE83C5C90B2BB13962 /* Frameworks */,
			);
			sourceTree = "<group>";
		};
		312F40731B95015E002B3D4A /* Products */ = {
			isa = PBXGroup;
			children = (
				312F40721B95015E002B3D4A /* ThunderFonts.app */,
				312F40871B95015F002B3D4A /* tinderFontsTests.xctest */,
			);
			name = Products;
			sourceTree = "<group>";
		};
		312F40741B95015E002B3D4A /* tinderFonts */ = {
			isa = PBXGroup;
			children = (
				31C7F2851BA1191700AB75BC /* Libraries */,
				31D09B321BA8743700791A66 /* Card.swift */,
				31D09B341BA900A500791A66 /* CardTapView.swift */,
				319EDB151B9CD7EC0095ED50 /* CardViewControllerCell.swift */,
				312F40771B95015E002B3D4A /* AppDelegate.swift */,
				312F40791B95015E002B3D4A /* StartViewController.swift */,
				312F409B1B968A9A002B3D4A /* SwipeViewController.swift */,
				319EDB111B9BBD730095ED50 /* SwipeViewControllerUI.swift */,
				319B5D641BAF638000395FE4 /* SwipeViewControllerAd.swift */,
				319EDB0F1B9BBCCB0095ED50 /* SwipeViewControllerKoloda.swift */,
				319EDB131B9BC8990095ED50 /* SwipeViewControllerGallery.swift */,
				312F407E1B95015E002B3D4A /* Images.xcassets */,
				312F40801B95015E002B3D4A /* LaunchScreen.xib */,
				319EDAFC1B99E2340095ED50 /* font-descriptions.json */,
				319B5D621BAF58C100395FE4 /* Fonts.bundle */,
				312F40751B95015E002B3D4A /* Supporting Files */,
			);
			path = tinderFonts;
			sourceTree = "<group>";
		};
		312F40751B95015E002B3D4A /* Supporting Files */ = {
			isa = PBXGroup;
			children = (
				312F40761B95015E002B3D4A /* Info.plist */,
			);
			name = "Supporting Files";
			sourceTree = "<group>";
		};
		312F408A1B95015F002B3D4A /* tinderFontsTests */ = {
			isa = PBXGroup;
			children = (
				312F408D1B95015F002B3D4A /* tinderFontsTests.swift */,
				312F408B1B95015F002B3D4A /* Supporting Files */,
			);
			path = tinderFontsTests;
			sourceTree = "<group>";
		};
		312F408B1B95015F002B3D4A /* Supporting Files */ = {
			isa = PBXGroup;
			children = (
				312F408C1B95015F002B3D4A /* Info.plist */,
			);
			name = "Supporting Files";
			sourceTree = "<group>";
		};
		31C7F2851BA1191700AB75BC /* Libraries */ = {
			isa = PBXGroup;
			children = (
				319EDB0A1B9B54C30095ED50 /* iconfonts-fontawesome.swift */,
				31C7F2831BA1190F00AB75BC /* gif.swift */,
				319EDAFE1B99E81D0095ED50 /* Factory.swift */,
				31F121E91BA27B370088DD72 /* GifView.swift */,
				3127945B1BAF98DD0007E423 /* FontViewController.swift */,
			);
			name = Libraries;
			sourceTree = "<group>";
		};
		54B28D93AFF2A36FD45E9E5E /* Pods */ = {
			isa = PBXGroup;
			children = (
				EA3E89801BB687F1CC26D873 /* Pods-tinderFonts.debug.xcconfig */,
				B5C12EC6BB1E53F039B3DA20 /* Pods-tinderFonts.release.xcconfig */,
			);
			name = Pods;
			sourceTree = "<group>";
		};
		E14CD2EE83C5C90B2BB13962 /* Frameworks */ = {
			isa = PBXGroup;
			children = (
				31C7F2861BA11A4600AB75BC /* MobileCoreServices.framework */,
				18BF1A92F7DC6291E848B2B3 /* Pods_tinderFonts.framework */,
			);
			name = Frameworks;
			sourceTree = "<group>";
		};
/* End PBXGroup section */

/* Begin PBXNativeTarget section */
		312F40711B95015E002B3D4A /* tinderFonts */ = {
			isa = PBXNativeTarget;
			buildConfigurationList = 312F40911B95015F002B3D4A /* Build configuration list for PBXNativeTarget "tinderFonts" */;
			buildPhases = (
				467155FD3D49D3E97927164D /* Check Pods Manifest.lock */,
				312F406E1B95015E002B3D4A /* Sources */,
				312F406F1B95015E002B3D4A /* Frameworks */,
				312F40701B95015E002B3D4A /* Resources */,
				CD2B4A02A0679D89E0854E00 /* Embed Pods Frameworks */,
				54582F0B3FFC3CCBEFB3DB66 /* Copy Pods Resources */,
			);
			buildRules = (
			);
			dependencies = (
			);
			name = tinderFonts;
			productName = tinderFonts;
			productReference = 312F40721B95015E002B3D4A /* ThunderFonts.app */;
			productType = "com.apple.product-type.application";
		};
		312F40861B95015F002B3D4A /* tinderFontsTests */ = {
			isa = PBXNativeTarget;
			buildConfigurationList = 312F40941B95015F002B3D4A /* Build configuration list for PBXNativeTarget "tinderFontsTests" */;
			buildPhases = (
				312F40831B95015F002B3D4A /* Sources */,
				312F40841B95015F002B3D4A /* Frameworks */,
				312F40851B95015F002B3D4A /* Resources */,
			);
			buildRules = (
			);
			dependencies = (
				312F40891B95015F002B3D4A /* PBXTargetDependency */,
			);
			name = tinderFontsTests;
			productName = tinderFontsTests;
			productReference = 312F40871B95015F002B3D4A /* tinderFontsTests.xctest */;
			productType = "com.apple.product-type.bundle.unit-test";
		};
/* End PBXNativeTarget section */

/* Begin PBXProject section */
		312F406A1B95015E002B3D4A /* Project object */ = {
			isa = PBXProject;
			attributes = {
				LastSwiftMigration = 0700;
				LastSwiftUpdateCheck = 0700;
				LastUpgradeCheck = 0700;
				ORGANIZATIONNAME = "Jonathan Yu";
				TargetAttributes = {
					312F40711B95015E002B3D4A = {
						CreatedOnToolsVersion = 6.4;
					};
					312F40861B95015F002B3D4A = {
						CreatedOnToolsVersion = 6.4;
						TestTargetID = 312F40711B95015E002B3D4A;
					};
				};
			};
			buildConfigurationList = 312F406D1B95015E002B3D4A /* Build configuration list for PBXProject "tinderFonts" */;
			compatibilityVersion = "Xcode 3.2";
			developmentRegion = English;
			hasScannedForEncodings = 0;
			knownRegions = (
				en,
				Base,
			);
			mainGroup = 312F40691B95015E002B3D4A;
			productRefGroup = 312F40731B95015E002B3D4A /* Products */;
			projectDirPath = "";
			projectRoot = "";
			targets = (
				312F40711B95015E002B3D4A /* tinderFonts */,
				312F40861B95015F002B3D4A /* tinderFontsTests */,
			);
		};
/* End PBXProject section */

/* Begin PBXResourcesBuildPhase section */
		312F40701B95015E002B3D4A /* Resources */ = {
			isa = PBXResourcesBuildPhase;
			buildActionMask = 2147483647;
			files = (
				312F40821B95015E002B3D4A /* LaunchScreen.xib in Resources */,
				319EDAFD1B99E2340095ED50 /* font-descriptions.json in Resources */,
				312F409A1B9501D5002B3D4A /* Podfile in Resources */,
				312F407F1B95015E002B3D4A /* Images.xcassets in Resources */,
				319B5D631BAF58C100395FE4 /* Fonts.bundle in Resources */,
				319EDB071B9A798C0095ED50 /* Patterns in Resources */,
			);
			runOnlyForDeploymentPostprocessing = 0;
		};
		312F40851B95015F002B3D4A /* Resources */ = {
			isa = PBXResourcesBuildPhase;
			buildActionMask = 2147483647;
			files = (
			);
			runOnlyForDeploymentPostprocessing = 0;
		};
/* End PBXResourcesBuildPhase section */

/* Begin PBXShellScriptBuildPhase section */
		467155FD3D49D3E97927164D /* Check Pods Manifest.lock */ = {
			isa = PBXShellScriptBuildPhase;
			buildActionMask = 2147483647;
			files = (
			);
			inputPaths = (
			);
			name = "Check Pods Manifest.lock";
			outputPaths = (
			);
			runOnlyForDeploymentPostprocessing = 0;
			shellPath = /bin/sh;
			shellScript = "diff \"${PODS_ROOT}/../Podfile.lock\" \"${PODS_ROOT}/Manifest.lock\" > /dev/null\nif [[ $? != 0 ]] ; then\n    cat << EOM\nerror: The sandbox is not in sync with the Podfile.lock. Run 'pod install' or update your CocoaPods installation.\nEOM\n    exit 1\nfi\n";
			showEnvVarsInLog = 0;
		};
		54582F0B3FFC3CCBEFB3DB66 /* Copy Pods Resources */ = {
			isa = PBXShellScriptBuildPhase;
			buildActionMask = 2147483647;
			files = (
			);
			inputPaths = (
			);
			name = "Copy Pods Resources";
			outputPaths = (
			);
			runOnlyForDeploymentPostprocessing = 0;
			shellPath = /bin/sh;
			shellScript = "\"${SRCROOT}/Pods/Target Support Files/Pods-tinderFonts/Pods-tinderFonts-resources.sh\"\n";
			showEnvVarsInLog = 0;
		};
		CD2B4A02A0679D89E0854E00 /* Embed Pods Frameworks */ = {
			isa = PBXShellScriptBuildPhase;
			buildActionMask = 2147483647;
			files = (
			);
			inputPaths = (
			);
			name = "Embed Pods Frameworks";
			outputPaths = (
			);
			runOnlyForDeploymentPostprocessing = 0;
			shellPath = /bin/sh;
			shellScript = "\"${SRCROOT}/Pods/Target Support Files/Pods-tinderFonts/Pods-tinderFonts-frameworks.sh\"\n";
			showEnvVarsInLog = 0;
		};
/* End PBXShellScriptBuildPhase section */

/* Begin PBXSourcesBuildPhase section */
		312F406E1B95015E002B3D4A /* Sources */ = {
			isa = PBXSourcesBuildPhase;
			buildActionMask = 2147483647;
			files = (
				319B5D651BAF638000395FE4 /* SwipeViewControllerAd.swift in Sources */,
				319EDB0B1B9B54C30095ED50 /* iconfonts-fontawesome.swift in Sources */,
				319EDB161B9CD7EC0095ED50 /* CardViewControllerCell.swift in Sources */,
				31C7F2841BA1190F00AB75BC /* gif.swift in Sources */,
				319EDB101B9BBCCB0095ED50 /* SwipeViewControllerKoloda.swift in Sources */,
				319EDB121B9BBD730095ED50 /* SwipeViewControllerUI.swift in Sources */,
				319EDAFF1B99E81D0095ED50 /* Factory.swift in Sources */,
				319EDB141B9BC8990095ED50 /* SwipeViewControllerGallery.swift in Sources */,
				31D09B331BA8743700791A66 /* Card.swift in Sources */,
				312F407A1B95015E002B3D4A /* StartViewController.swift in Sources */,
				312F40781B95015E002B3D4A /* AppDelegate.swift in Sources */,
				31F121EA1BA27B370088DD72 /* GifView.swift in Sources */,
				31D09B351BA900A500791A66 /* CardTapView.swift in Sources */,
				3127945C1BAF98DD0007E423 /* FontViewController.swift in Sources */,
				312F409C1B968A9A002B3D4A /* SwipeViewController.swift in Sources */,
			);
			runOnlyForDeploymentPostprocessing = 0;
		};
		312F40831B95015F002B3D4A /* Sources */ = {
			isa = PBXSourcesBuildPhase;
			buildActionMask = 2147483647;
			files = (
				312F408E1B95015F002B3D4A /* tinderFontsTests.swift in Sources */,
			);
			runOnlyForDeploymentPostprocessing = 0;
		};
/* End PBXSourcesBuildPhase section */

/* Begin PBXTargetDependency section */
		312F40891B95015F002B3D4A /* PBXTargetDependency */ = {
			isa = PBXTargetDependency;
			target = 312F40711B95015E002B3D4A /* tinderFonts */;
			targetProxy = 312F40881B95015F002B3D4A /* PBXContainerItemProxy */;
		};
/* End PBXTargetDependency section */

/* Begin PBXVariantGroup section */
		312F40801B95015E002B3D4A /* LaunchScreen.xib */ = {
			isa = PBXVariantGroup;
			children = (
				312F40811B95015E002B3D4A /* Base */,
			);
			name = LaunchScreen.xib;
			sourceTree = "<group>";
		};
/* End PBXVariantGroup section */

/* Begin XCBuildConfiguration section */
		312F408F1B95015F002B3D4A /* Debug */ = {
			isa = XCBuildConfiguration;
			buildSettings = {
				ALWAYS_SEARCH_USER_PATHS = NO;
				CLANG_CXX_LANGUAGE_STANDARD = "gnu++0x";
				CLANG_CXX_LIBRARY = "libc++";
				CLANG_ENABLE_MODULES = YES;
				CLANG_ENABLE_OBJC_ARC = YES;
				CLANG_WARN_BOOL_CONVERSION = YES;
				CLANG_WARN_CONSTANT_CONVERSION = YES;
				CLANG_WARN_DIRECT_OBJC_ISA_USAGE = YES_ERROR;
				CLANG_WARN_EMPTY_BODY = YES;
				CLANG_WARN_ENUM_CONVERSION = YES;
				CLANG_WARN_INT_CONVERSION = YES;
				CLANG_WARN_OBJC_ROOT_CLASS = YES_ERROR;
				CLANG_WARN_UNREACHABLE_CODE = YES;
				CLANG_WARN__DUPLICATE_METHOD_MATCH = YES;
				"CODE_SIGN_IDENTITY[sdk=iphoneos*]" = "iPhone Developer";
				COPY_PHASE_STRIP = NO;
				DEBUG_INFORMATION_FORMAT = "dwarf-with-dsym";
				ENABLE_STRICT_OBJC_MSGSEND = YES;
				ENABLE_TESTABILITY = YES;
				GCC_C_LANGUAGE_STANDARD = gnu99;
				GCC_DYNAMIC_NO_PIC = NO;
				GCC_NO_COMMON_BLOCKS = YES;
				GCC_OPTIMIZATION_LEVEL = 0;
				GCC_PREPROCESSOR_DEFINITIONS = (
					"DEBUG=1",
					"$(inherited)",
				);
				GCC_SYMBOLS_PRIVATE_EXTERN = NO;
				GCC_WARN_64_TO_32_BIT_CONVERSION = YES;
				GCC_WARN_ABOUT_RETURN_TYPE = YES_ERROR;
				GCC_WARN_UNDECLARED_SELECTOR = YES;
				GCC_WARN_UNINITIALIZED_AUTOS = YES_AGGRESSIVE;
				GCC_WARN_UNUSED_FUNCTION = YES;
				GCC_WARN_UNUSED_VARIABLE = YES;
				IPHONEOS_DEPLOYMENT_TARGET = 9.0;
				MTL_ENABLE_DEBUG_INFO = YES;
				ONLY_ACTIVE_ARCH = YES;
				SDKROOT = iphoneos;
				SWIFT_OPTIMIZATION_LEVEL = "-Onone";
			};
			name = Debug;
		};
		312F40901B95015F002B3D4A /* Release */ = {
			isa = XCBuildConfiguration;
			buildSettings = {
				ALWAYS_SEARCH_USER_PATHS = NO;
				CLANG_CXX_LANGUAGE_STANDARD = "gnu++0x";
				CLANG_CXX_LIBRARY = "libc++";
				CLANG_ENABLE_MODULES = YES;
				CLANG_ENABLE_OBJC_ARC = YES;
				CLANG_WARN_BOOL_CONVERSION = YES;
				CLANG_WARN_CONSTANT_CONVERSION = YES;
				CLANG_WARN_DIRECT_OBJC_ISA_USAGE = YES_ERROR;
				CLANG_WARN_EMPTY_BODY = YES;
				CLANG_WARN_ENUM_CONVERSION = YES;
				CLANG_WARN_INT_CONVERSION = YES;
				CLANG_WARN_OBJC_ROOT_CLASS = YES_ERROR;
				CLANG_WARN_UNREACHABLE_CODE = YES;
				CLANG_WARN__DUPLICATE_METHOD_MATCH = YES;
				"CODE_SIGN_IDENTITY[sdk=iphoneos*]" = "iPhone Developer";
				COPY_PHASE_STRIP = NO;
				DEBUG_INFORMATION_FORMAT = "dwarf-with-dsym";
				ENABLE_NS_ASSERTIONS = NO;
				ENABLE_STRICT_OBJC_MSGSEND = YES;
				GCC_C_LANGUAGE_STANDARD = gnu99;
				GCC_NO_COMMON_BLOCKS = YES;
				GCC_WARN_64_TO_32_BIT_CONVERSION = YES;
				GCC_WARN_ABOUT_RETURN_TYPE = YES_ERROR;
				GCC_WARN_UNDECLARED_SELECTOR = YES;
				GCC_WARN_UNINITIALIZED_AUTOS = YES_AGGRESSIVE;
				GCC_WARN_UNUSED_FUNCTION = YES;
				GCC_WARN_UNUSED_VARIABLE = YES;
				IPHONEOS_DEPLOYMENT_TARGET = 9.0;
				MTL_ENABLE_DEBUG_INFO = NO;
				SDKROOT = iphoneos;
				VALIDATE_PRODUCT = YES;
			};
			name = Release;
		};
		312F40921B95015F002B3D4A /* Debug */ = {
			isa = XCBuildConfiguration;
			baseConfigurationReference = EA3E89801BB687F1CC26D873 /* Pods-tinderFonts.debug.xcconfig */;
			buildSettings = {
				ASSETCATALOG_COMPILER_APPICON_NAME = "AppIcon-1";
				INFOPLIST_FILE = tinderFonts/Info.plist;
				IPHONEOS_DEPLOYMENT_TARGET = 8.1;
				LD_RUNPATH_SEARCH_PATHS = "$(inherited) @executable_path/Frameworks";
				PRODUCT_BUNDLE_IDENTIFIER = net.jonathanyu.tinderFonts;
				PRODUCT_NAME = ThunderFonts;
			};
			name = Debug;
		};
		312F40931B95015F002B3D4A /* Release */ = {
			isa = XCBuildConfiguration;
			baseConfigurationReference = B5C12EC6BB1E53F039B3DA20 /* Pods-tinderFonts.release.xcconfig */;
			buildSettings = {
				ASSETCATALOG_COMPILER_APPICON_NAME = "AppIcon-1";
				INFOPLIST_FILE = tinderFonts/Info.plist;
				IPHONEOS_DEPLOYMENT_TARGET = 8.1;
				LD_RUNPATH_SEARCH_PATHS = "$(inherited) @executable_path/Frameworks";
				PRODUCT_BUNDLE_IDENTIFIER = net.jonathanyu.tinderFonts;
				PRODUCT_NAME = ThunderFonts;
			};
			name = Release;
		};
		312F40951B95015F002B3D4A /* Debug */ = {
			isa = XCBuildConfiguration;
			buildSettings = {
				BUNDLE_LOADER = "$(TEST_HOST)";
				FRAMEWORK_SEARCH_PATHS = (
					"$(SDKROOT)/Developer/Library/Frameworks",
					"$(inherited)",
				);
				GCC_PREPROCESSOR_DEFINITIONS = (
					"DEBUG=1",
					"$(inherited)",
				);
				INFOPLIST_FILE = tinderFontsTests/Info.plist;
				LD_RUNPATH_SEARCH_PATHS = "$(inherited) @executable_path/Frameworks @loader_path/Frameworks";
				PRODUCT_BUNDLE_IDENTIFIER = "net.jonathanyu.$(PRODUCT_NAME:rfc1034identifier)";
				PRODUCT_NAME = "$(TARGET_NAME)";
				TEST_HOST = "$(BUILT_PRODUCTS_DIR)/tinderFonts.app/tinderFonts";
			};
			name = Debug;
		};
		312F40961B95015F002B3D4A /* Release */ = {
			isa = XCBuildConfiguration;
			buildSettings = {
				BUNDLE_LOADER = "$(TEST_HOST)";
				FRAMEWORK_SEARCH_PATHS = (
					"$(SDKROOT)/Developer/Library/Frameworks",
					"$(inherited)",
				);
				INFOPLIST_FILE = tinderFontsTests/Info.plist;
				LD_RUNPATH_SEARCH_PATHS = "$(inherited) @executable_path/Frameworks @loader_path/Frameworks";
				PRODUCT_BUNDLE_IDENTIFIER = "net.jonathanyu.$(PRODUCT_NAME:rfc1034identifier)";
				PRODUCT_NAME = "$(TARGET_NAME)";
				TEST_HOST = "$(BUILT_PRODUCTS_DIR)/tinderFonts.app/tinderFonts";
			};
			name = Release;
		};
/* End XCBuildConfiguration section */

/* Begin XCConfigurationList section */
		312F406D1B95015E002B3D4A /* Build configuration list for PBXProject "tinderFonts" */ = {
			isa = XCConfigurationList;
			buildConfigurations = (
				312F408F1B95015F002B3D4A /* Debug */,
				312F40901B95015F002B3D4A /* Release */,
			);
			defaultConfigurationIsVisible = 0;
			defaultConfigurationName = Release;
		};
		312F40911B95015F002B3D4A /* Build configuration list for PBXNativeTarget "tinderFonts" */ = {
			isa = XCConfigurationList;
			buildConfigurations = (
				312F40921B95015F002B3D4A /* Debug */,
				312F40931B95015F002B3D4A /* Release */,
			);
			defaultConfigurationIsVisible = 0;
			defaultConfigurationName = Release;
		};
		312F40941B95015F002B3D4A /* Build configuration list for PBXNativeTarget "tinderFontsTests" */ = {
			isa = XCConfigurationList;
			buildConfigurations = (
				312F40951B95015F002B3D4A /* Debug */,
				312F40961B95015F002B3D4A /* Release */,
			);
			defaultConfigurationIsVisible = 0;
			defaultConfigurationName = Release;
		};
/* End XCConfigurationList section */
	};
	rootObject = 312F406A1B95015E002B3D4A /* Project object */;
}
